
Microsoft Visual Studio Solution File, Format Version 12.00
# Visual Studio Version 17
VisualStudioVersion = 17.6.33801.468
MinimumVisualStudioVersion = 10.0.40219.1
Project("{FAE04EC0-301F-11D3-BF4B-00C04F79EFBC}") = "CookiesCookbook", "CookiesCookbook\CookiesCookbook.csproj", "{31607A10-A922-444A-ADAC-A998EAC0E644}"
EndProject
Global
	GlobalSection(SolutionConfigurationPlatforms) = preSolution
		Debug|Any CPU = Debug|Any CPU
		Release|Any CPU = Release|Any CPU
	EndGlobalSection
	GlobalSection(ProjectConfigurationPlatforms) = postSolution
		{31607A10-A922-444A-ADAC-A998EAC0E644}.Debug|Any CPU.ActiveCfg = Debug|Any CPU
		{31607A10-A922-444A-ADAC-A998EAC0E644}.Debug|Any CPU.Build.0 = Debug|Any CPU
		{31607A10-A922-444A-ADAC-A998EAC0E644}.Release|Any CPU.ActiveCfg = Release|Any CPU
		{31607A10-A922-444A-ADAC-A998EAC0E644}.Release|Any CPU.Build.0 = Release|Any CPU
	EndGlobalSection
	GlobalSection(SolutionProperties) = preSolution
		HideSolutionNode = FALSE
	EndGlobalSection
	GlobalSection(ExtensibilityGlobals) = postSolution
		SolutionGuid = {09E3D3C8-514F-4A29-A67F-3F2317122C25}
	EndGlobalSection
EndGlobal
